
Microsoft Visual Studio Solution File, Format Version 12.00
# Visual Studio 2013
VisualStudioVersion = 12.0.40629.0
MinimumVisualStudioVersion = 10.0.40219.1
Project("{FAE04EC0-301F-11D3-BF4B-00C04F79EFBC}") = "HospitalWebAPI", "HospitalWebAPI\HospitalWebAPI.csproj", "{9CF75719-AA08-4EAE-A221-96007D2F85D9}"
EndProject
Project("{FAE04EC0-301F-11D3-BF4B-00C04F79EFBC}") = "StorageModels", "StorageModels\StorageModels.csproj", "{ED4E3F28-A5DF-410A-BF89-29F0EC2C5E71}"
EndProject
Project("{FAE04EC0-301F-11D3-BF4B-00C04F79EFBC}") = "DataBaseTools", "DataBaseTools\DataBaseTools.csproj", "{236788B4-A90D-4AC1-940B-D179B2F41BFD}"
EndProject
Project("{FAE04EC0-301F-11D3-BF4B-00C04F79EFBC}") = "DataBaseModelConfigurations", "DataBaseModelConfigurations\DataBaseModelConfigurations.csproj", "{11CCD57B-FFEF-4C04-BCAC-540B9A7DD20A}"
EndProject
Project("{FAE04EC0-301F-11D3-BF4B-00C04F79EFBC}") = "Repositories", "Repositories\Repositories.csproj", "{43A7781C-B11E-4283-9CA0-59072276C733}"
EndProject
Project("{FAE04EC0-301F-11D3-BF4B-00C04F79EFBC}") = "RepositoryDependencies", "RepositoryDependencies\RepositoryDependencies.csproj", "{FA980697-1463-4727-BAE6-82E3015B9F5E}"
EndProject
Project("{FAE04EC0-301F-11D3-BF4B-00C04F79EFBC}") = "RepositoryTools", "RepositoryTools\RepositoryTools.csproj", "{26A323FE-637C-414F-8924-6E76A4756C08}"
EndProject
Project("{FAE04EC0-301F-11D3-BF4B-00C04F79EFBC}") = "DataBaseRepositoryTools", "DataBaseRepositoryTools\DataBaseRepositoryTools.csproj", "{2C4E04EC-DCE7-476A-B64F-94693442F653}"
EndProject
Project("{FAE04EC0-301F-11D3-BF4B-00C04F79EFBC}") = "Tests", "Tests\Tests.csproj", "{777A5B14-9FC7-4219-8262-298A89B0BE4E}"
EndProject
Project("{FAE04EC0-301F-11D3-BF4B-00C04F79EFBC}") = "CreateRandomDataTools", "CreateRandomDataTools\CreateRandomDataTools.csproj", "{087A278E-8E48-4555-8250-5A0989A78934}"
EndProject
Global
	GlobalSection(SolutionConfigurationPlatforms) = preSolution
		Debug|Any CPU = Debug|Any CPU
		Release|Any CPU = Release|Any CPU
	EndGlobalSection
	GlobalSection(ProjectConfigurationPlatforms) = postSolution
		{9CF75719-AA08-4EAE-A221-96007D2F85D9}.Debug|Any CPU.ActiveCfg = Debug|Any CPU
		{9CF75719-AA08-4EAE-A221-96007D2F85D9}.Debug|Any CPU.Build.0 = Debug|Any CPU
		{9CF75719-AA08-4EAE-A221-96007D2F85D9}.Release|Any CPU.ActiveCfg = Release|Any CPU
		{9CF75719-AA08-4EAE-A221-96007D2F85D9}.Release|Any CPU.Build.0 = Release|Any CPU
		{ED4E3F28-A5DF-410A-BF89-29F0EC2C5E71}.Debug|Any CPU.ActiveCfg = Debug|Any CPU
		{ED4E3F28-A5DF-410A-BF89-29F0EC2C5E71}.Debug|Any CPU.Build.0 = Debug|Any CPU
		{ED4E3F28-A5DF-410A-BF89-29F0EC2C5E71}.Release|Any CPU.ActiveCfg = Release|Any CPU
		{ED4E3F28-A5DF-410A-BF89-29F0EC2C5E71}.Release|Any CPU.Build.0 = Release|Any CPU
		{236788B4-A90D-4AC1-940B-D179B2F41BFD}.Debug|Any CPU.ActiveCfg = Debug|Any CPU
		{236788B4-A90D-4AC1-940B-D179B2F41BFD}.Debug|Any CPU.Build.0 = Debug|Any CPU
		{236788B4-A90D-4AC1-940B-D179B2F41BFD}.Release|Any CPU.ActiveCfg = Release|Any CPU
		{236788B4-A90D-4AC1-940B-D179B2F41BFD}.Release|Any CPU.Build.0 = Release|Any CPU
		{11CCD57B-FFEF-4C04-BCAC-540B9A7DD20A}.Debug|Any CPU.ActiveCfg = Debug|Any CPU
		{11CCD57B-FFEF-4C04-BCAC-540B9A7DD20A}.Debug|Any CPU.Build.0 = Debug|Any CPU
		{11CCD57B-FFEF-4C04-BCAC-540B9A7DD20A}.Release|Any CPU.ActiveCfg = Release|Any CPU
		{11CCD57B-FFEF-4C04-BCAC-540B9A7DD20A}.Release|Any CPU.Build.0 = Release|Any CPU
		{43A7781C-B11E-4283-9CA0-59072276C733}.Debug|Any CPU.ActiveCfg = Debug|Any CPU
		{43A7781C-B11E-4283-9CA0-59072276C733}.Debug|Any CPU.Build.0 = Debug|Any CPU
		{43A7781C-B11E-4283-9CA0-59072276C733}.Release|Any CPU.ActiveCfg = Release|Any CPU
		{43A7781C-B11E-4283-9CA0-59072276C733}.Release|Any CPU.Build.0 = Release|Any CPU
		{FA980697-1463-4727-BAE6-82E3015B9F5E}.Debug|Any CPU.ActiveCfg = Debug|Any CPU
		{FA980697-1463-4727-BAE6-82E3015B9F5E}.Debug|Any CPU.Build.0 = Debug|Any CPU
		{FA980697-1463-4727-BAE6-82E3015B9F5E}.Release|Any CPU.ActiveCfg = Release|Any CPU
		{FA980697-1463-4727-BAE6-82E3015B9F5E}.Release|Any CPU.Build.0 = Release|Any CPU
		{26A323FE-637C-414F-8924-6E76A4756C08}.Debug|Any CPU.ActiveCfg = Debug|Any CPU
		{26A323FE-637C-414F-8924-6E76A4756C08}.Debug|Any CPU.Build.0 = Debug|Any CPU
		{26A323FE-637C-414F-8924-6E76A4756C08}.Release|Any CPU.ActiveCfg = Release|Any CPU
		{26A323FE-637C-414F-8924-6E76A4756C08}.Release|Any CPU.Build.0 = Release|Any CPU
		{2C4E04EC-DCE7-476A-B64F-94693442F653}.Debug|Any CPU.ActiveCfg = Debug|Any CPU
		{2C4E04EC-DCE7-476A-B64F-94693442F653}.Debug|Any CPU.Build.0 = Debug|Any CPU
		{2C4E04EC-DCE7-476A-B64F-94693442F653}.Release|Any CPU.ActiveCfg = Release|Any CPU
		{2C4E04EC-DCE7-476A-B64F-94693442F653}.Release|Any CPU.Build.0 = Release|Any CPU
		{777A5B14-9FC7-4219-8262-298A89B0BE4E}.Debug|Any CPU.ActiveCfg = Debug|Any CPU
		{777A5B14-9FC7-4219-8262-298A89B0BE4E}.Debug|Any CPU.Build.0 = Debug|Any CPU
		{777A5B14-9FC7-4219-8262-298A89B0BE4E}.Release|Any CPU.ActiveCfg = Release|Any CPU
		{777A5B14-9FC7-4219-8262-298A89B0BE4E}.Release|Any CPU.Build.0 = Release|Any CPU
		{087A278E-8E48-4555-8250-5A0989A78934}.Debug|Any CPU.ActiveCfg = Debug|Any CPU
		{087A278E-8E48-4555-8250-5A0989A78934}.Debug|Any CPU.Build.0 = Debug|Any CPU
		{087A278E-8E48-4555-8250-5A0989A78934}.Release|Any CPU.ActiveCfg = Release|Any CPU
		{087A278E-8E48-4555-8250-5A0989A78934}.Release|Any CPU.Build.0 = Release|Any CPU
	EndGlobalSection
	GlobalSection(SolutionProperties) = preSolution
		HideSolutionNode = FALSE
	EndGlobalSection
EndGlobal
